
Microsoft Visual Studio Solution File, Format Version 12.00
# Visual Studio Version 16
VisualStudioVersion = 16.0.31729.503
MinimumVisualStudioVersion = 10.0.40219.1
Project("{FAE04EC0-301F-11D3-BF4B-00C04F79EFBC}") = "AdventOfCode.Day1", "AdventOfCode.Day1\AdventOfCode.Day1.csproj", "{DD0D8516-A98B-4939-AB3B-064E7726D7A4}"
EndProject
Global
	GlobalSection(SolutionConfigurationPlatforms) = preSolution
		Debug|Any CPU = Debug|Any CPU
		Release|Any CPU = Release|Any CPU
	EndGlobalSection
	GlobalSection(ProjectConfigurationPlatforms) = postSolution
		{DD0D8516-A98B-4939-AB3B-064E7726D7A4}.Debug|Any CPU.ActiveCfg = Debug|Any CPU
		{DD0D8516-A98B-4939-AB3B-064E7726D7A4}.Debug|Any CPU.Build.0 = Debug|Any CPU
		{DD0D8516-A98B-4939-AB3B-064E7726D7A4}.Release|Any CPU.ActiveCfg = Release|Any CPU
		{DD0D8516-A98B-4939-AB3B-064E7726D7A4}.Release|Any CPU.Build.0 = Release|Any CPU
	EndGlobalSection
	GlobalSection(SolutionProperties) = preSolution
		HideSolutionNode = FALSE
	EndGlobalSection
	GlobalSection(ExtensibilityGlobals) = postSolution
		SolutionGuid = {23164CC6-A144-4A04-B10F-78DD0465CCA9}
	EndGlobalSection
EndGlobal
